PODS:
  - AFNetworking (2.6.3):
    - AFNetworking/NSURLConnection (= 2.6.3)
    - AFNetworking/NSURLSession (= 2.6.3)
    - AFNetworking/Reachability (= 2.6.3)
    - AFNetworking/Security (= 2.6.3)
    - AFNetworking/Serialization (= 2.6.3)
    - AFNetworking/UIKit (= 2.6.3)
  - AFNetworking/NSURLConnection (2.6.3):
    - AFNetworking/Reachability
    - AFNetworking/Security
    - AFNetworking/Serialization
  - AFNetworking/NSURLSession (2.6.3):
    - AFNetworking/Reachability
    - AFNetworking/Security
    - AFNetworking/Serialization
  - AFNetworking/Reachability (2.6.3)
  - AFNetworking/Security (2.6.3)
  - AFNetworking/Serialization (2.6.3)
  - AFNetworking/UIKit (2.6.3):
    - AFNetworking/NSURLConnection
    - AFNetworking/NSURLSession
  - FMDB (2.7.2):
    - FMDB/standard (= 2.7.2)
  - FMDB/standard (2.7.2)
  - GPUImage (0.1.7)
  - IQKeyboardManager (4.0.13)
  - Masonry (1.1.0)
  - MJRefresh (3.1.15.1)
  - SDWebImage (4.2.2):
    - SDWebImage/Core (= 4.2.2)
  - SDWebImage/Core (4.2.2)
  - SVProgressHUD (2.2.2)
  - YYKit (1.0.9):
    - YYKit/no-arc (= 1.0.9)
  - YYKit/no-arc (1.0.9)

DEPENDENCIES:
  - AFNetworking (~> 2.6)
  - FMDB
  - GPUImage (~> 0.1.7)
  - IQKeyboardManager (~> 4.0.8)
  - Masonry
  - MJRefresh (~> 3.1.12)
  - SDWebImage
  - SVProgressHUD
  - YYKit

SPEC CHECKSUMS:
  AFNetworking: cb8d14a848e831097108418f5d49217339d4eb60
  FMDB: 6198a90e7b6900cfc046e6bc0ef6ebb7be9236aa
  GPUImage: 733a5f0fab92df9de1c37ba9df520a833ccb406d
  IQKeyboardManager: 8eab4d8111418414619d1df8e4779ce5d0f8d7e2
  Masonry: 678fab65091a9290e40e2832a55e7ab731aad201
  MJRefresh: 5f8552bc25ca8751c010f621c1098dbdaacbccd6
  SDWebImage: 89a9d32cd520bbb46eb14e541d5109b3564af198
  SVProgressHUD: 59b2d3dabacbd051576d21d32293ca7228dc18b0
  YYKit: 7cda43304a8dc3696c449041e2cb3107b4e236e7

PODFILE CHECKSUM: b7aecfffe07871df6fbc8fea049992794a5aaceb

COCOAPODS: 1.4.0
